// !$*UTF8*$!
{
	archiveVersion = 1;
	classes = {
	};
	objectVersion = 50;
	objects = {

/* Begin PBXBuildFile section */
		04EA27D7633D61D84F8C985C /* Pods_app_tem_convenio_cwi.framework in Frameworks */ = {isa = PBXBuildFile; fileRef = 4DB6AF01E6A699F82ED38ADC /* Pods_app_tem_convenio_cwi.framework */; };
		D296EC8322B877F000E52DF9 /* AppDelegate.swift in Sources */ = {isa = PBXBuildFile; fileRef = D296EC8222B877F000E52DF9 /* AppDelegate.swift */; };
		D296EC8522B877F000E52DF9 /* ViewController.swift in Sources */ = {isa = PBXBuildFile; fileRef = D296EC8422B877F000E52DF9 /* ViewController.swift */; };
		D296EC8822B877F000E52DF9 /* Main.storyboard in Resources */ = {isa = PBXBuildFile; fileRef = D296EC8622B877F000E52DF9 /* Main.storyboard */; };
		D296EC8A22B877F100E52DF9 /* Assets.xcassets in Resources */ = {isa = PBXBuildFile; fileRef = D296EC8922B877F100E52DF9 /* Assets.xcassets */; };
		D296EC8D22B877F100E52DF9 /* LaunchScreen.storyboard in Resources */ = {isa = PBXBuildFile; fileRef = D296EC8B22B877F100E52DF9 /* LaunchScreen.storyboard */; };
/* End PBXBuildFile section */

/* Begin PBXFileReference section */
		4DB6AF01E6A699F82ED38ADC /* Pods_app_tem_convenio_cwi.framework */ = {isa = PBXFileReference; explicitFileType = wrapper.framework; includeInIndex = 0; path = Pods_app_tem_convenio_cwi.framework; sourceTree = BUILT_PRODUCTS_DIR; };
		9B4345CEAAB41F849A8F5F60 /* Pods-app-tem-convenio-cwi.release.xcconfig */ = {isa = PBXFileReference; includeInIndex = 1; lastKnownFileType = text.xcconfig; name = "Pods-app-tem-convenio-cwi.release.xcconfig"; path = "Target Support Files/Pods-app-tem-convenio-cwi/Pods-app-tem-convenio-cwi.release.xcconfig"; sourceTree = "<group>"; };
		D296EC7F22B877F000E52DF9 /* app-tem-convenio-cwi.app */ = {isa = PBXFileReference; explicitFileType = wrapper.application; includeInIndex = 0; path = "app-tem-convenio-cwi.app"; sourceTree = BUILT_PRODUCTS_DIR; };
		D296EC8222B877F000E52DF9 /* AppDelegate.swift */ = {isa = PBXFileReference; lastKnownFileType = sourcecode.swift; path = AppDelegate.swift; sourceTree = "<group>"; };
		D296EC8422B877F000E52DF9 /* ViewController.swift */ = {isa = PBXFileReference; lastKnownFileType = sourcecode.swift; path = ViewController.swift; sourceTree = "<group>"; };
		D296EC8722B877F000E52DF9 /* Base */ = {isa = PBXFileReference; lastKnownFileType = file.storyboard; name = Base; path = Base.lproj/Main.storyboard; sourceTree = "<group>"; };
		D296EC8922B877F100E52DF9 /* Assets.xcassets */ = {isa = PBXFileReference; lastKnownFileType = folder.assetcatalog; path = Assets.xcassets; sourceTree = "<group>"; };
		D296EC8C22B877F100E52DF9 /* Base */ = {isa = PBXFileReference; lastKnownFileType = file.storyboard; name = Base; path = Base.lproj/LaunchScreen.storyboard; sourceTree = "<group>"; };
		D296EC8E22B877F100E52DF9 /* Info.plist */ = {isa = PBXFileReference; lastKnownFileType = text.plist.xml; path = Info.plist; sourceTree = "<group>"; };
		F9D3F4EA7596D3A4D1C73B60 /* Pods-app-tem-convenio-cwi.debug.xcconfig */ = {isa = PBXFileReference; includeInIndex = 1; lastKnownFileType = text.xcconfig; name = "Pods-app-tem-convenio-cwi.debug.xcconfig"; path = "Target Support Files/Pods-app-tem-convenio-cwi/Pods-app-tem-convenio-cwi.debug.xcconfig"; sourceTree = "<group>"; };
/* End PBXFileReference section */

/* Begin PBXFrameworksBuildPhase section */
		D296EC7C22B877F000E52DF9 /* Frameworks */ = {
			isa = PBXFrameworksBuildPhase;
			buildActionMask = 2147483647;
			files = (
				04EA27D7633D61D84F8C985C /* Pods_app_tem_convenio_cwi.framework in Frameworks */,
			);
			runOnlyForDeploymentPostprocessing = 0;
		};
/* End PBXFrameworksBuildPhase section */

/* Begin PBXGroup section */
		0971102168A94484EB3DFC8E /* Pods */ = {
			isa = PBXGroup;
			children = (
				F9D3F4EA7596D3A4D1C73B60 /* Pods-app-tem-convenio-cwi.debug.xcconfig */,
				9B4345CEAAB41F849A8F5F60 /* Pods-app-tem-convenio-cwi.release.xcconfig */,
			);
			name = Pods;
			path = Pods;
			sourceTree = "<group>";
		};
		BAF0BE330009A4CAB32991B3 /* Frameworks */ = {
			isa = PBXGroup;
			children = (
				4DB6AF01E6A699F82ED38ADC /* Pods_app_tem_convenio_cwi.framework */,
			);
			name = Frameworks;
			sourceTree = "<group>";
		};
		D296EC7622B877F000E52DF9 = {
			isa = PBXGroup;
			children = (
				D296EC8122B877F000E52DF9 /* app-tem-convenio-cwi */,
				D296EC8022B877F000E52DF9 /* Products */,
				0971102168A94484EB3DFC8E /* Pods */,
				BAF0BE330009A4CAB32991B3 /* Frameworks */,
			);
			sourceTree = "<group>";
		};
		D296EC8022B877F000E52DF9 /* Products */ = {
			isa = PBXGroup;
			children = (
				D296EC7F22B877F000E52DF9 /* app-tem-convenio-cwi.app */,
			);
			name = Products;
			sourceTree = "<group>";
		};
		D296EC8122B877F000E52DF9 /* app-tem-convenio-cwi */ = {
			isa = PBXGroup;
			children = (
				D296EC8222B877F000E52DF9 /* AppDelegate.swift */,
				D296EC8422B877F000E52DF9 /* ViewController.swift */,
				D296EC9522B87A2400E52DF9 /* storyborad */,
				D296EC8922B877F100E52DF9 /* Assets.xcassets */,
				D296EC8E22B877F100E52DF9 /* Info.plist */,
			);
			path = "app-tem-convenio-cwi";
			sourceTree = "<group>";
		};
		D296EC9522B87A2400E52DF9 /* storyborad */ = {
			isa = PBXGroup;
			children = (
				D296EC8622B877F000E52DF9 /* Main.storyboard */,
				D296EC8B22B877F100E52DF9 /* LaunchScreen.storyboard */,
			);
			path = storyborad;
			sourceTree = "<group>";
		};
/* End PBXGroup section */

/* Begin PBXNativeTarget section */
		D296EC7E22B877F000E52DF9 /* app-tem-convenio-cwi */ = {
			isa = PBXNativeTarget;
			buildConfigurationList = D296EC9122B877F100E52DF9 /* Build configuration list for PBXNativeTarget "app-tem-convenio-cwi" */;
			buildPhases = (
				E7F472088B7E50DAC32F2B97 /* [CP] Check Pods Manifest.lock */,
				D296EC7B22B877F000E52DF9 /* Sources */,
				D296EC7C22B877F000E52DF9 /* Frameworks */,
				D296EC7D22B877F000E52DF9 /* Resources */,
			);
			buildRules = (
			);
			dependencies = (
			);
			name = "app-tem-convenio-cwi";
			productName = "app-tem-convenio-cwi";
			productReference = D296EC7F22B877F000E52DF9 /* app-tem-convenio-cwi.app */;
			productType = "com.apple.product-type.application";
		};
/* End PBXNativeTarget section */

/* Begin PBXProject section */
		D296EC7722B877F000E52DF9 /* Project object */ = {
			isa = PBXProject;
			attributes = {
				LastSwiftUpdateCheck = 1010;
				LastUpgradeCheck = 1010;
				ORGANIZATIONNAME = "Cwi Software";
				TargetAttributes = {
					D296EC7E22B877F000E52DF9 = {
						CreatedOnToolsVersion = 10.1;
					};
				};
			};
			buildConfigurationList = D296EC7A22B877F000E52DF9 /* Build configuration list for PBXProject "app-tem-convenio-cwi" */;
			compatibilityVersion = "Xcode 9.3";
			developmentRegion = en;
			hasScannedForEncodings = 0;
			knownRegions = (
				en,
				Base,
			);
			mainGroup = D296EC7622B877F000E52DF9;
			productRefGroup = D296EC8022B877F000E52DF9 /* Products */;
			projectDirPath = "";
			projectRoot = "";
			targets = (
				D296EC7E22B877F000E52DF9 /* app-tem-convenio-cwi */,
			);
		};
/* End PBXProject section */

/* Begin PBXResourcesBuildPhase section */
		D296EC7D22B877F000E52DF9 /* Resources */ = {
			isa = PBXResourcesBuildPhase;
			buildActionMask = 2147483647;
			files = (
				D296EC8D22B877F100E52DF9 /* LaunchScreen.storyboard in Resources */,
				D296EC8A22B877F100E52DF9 /* Assets.xcassets in Resources */,
				D296EC8822B877F000E52DF9 /* Main.storyboard in Resources */,
			);
			runOnlyForDeploymentPostprocessing = 0;
		};
/* End PBXResourcesBuildPhase section */

/* Begin PBXShellScriptBuildPhase section */
		E7F472088B7E50DAC32F2B97 /* [CP] Check Pods Manifest.lock */ = {
			isa = PBXShellScriptBuildPhase;
			buildActionMask = 2147483647;
			files = (
			);
			inputFileListPaths = (
			);
			inputPaths = (
				"${PODS_PODFILE_DIR_PATH}/Podfile.lock",
				"${PODS_ROOT}/Manifest.lock",
			);
			name = "[CP] Check Pods Manifest.lock";
			outputFileListPaths = (
			);
			outputPaths = (
				"$(DERIVED_FILE_DIR)/Pods-app-tem-convenio-cwi-checkManifestLockResult.txt",
			);
			runOnlyForDeploymentPostprocessing = 0;
			shellPath = /bin/sh;
			shellScript = "diff \"${PODS_PODFILE_DIR_PATH}/Podfile.lock\" \"${PODS_ROOT}/Manifest.lock\" > /dev/null\nif [ $? != 0 ] ; then\n    # print error to STDERR\n    echo \"error: The sandbox is not in sync with the Podfile.lock. Run 'pod install' or update your CocoaPods installation.\" >&2\n    exit 1\nfi\n# This output is used by Xcode 'outputs' to avoid re-running this script phase.\necho \"SUCCESS\" > \"${SCRIPT_OUTPUT_FILE_0}\"\n";
			showEnvVarsInLog = 0;
		};
/* End PBXShellScriptBuildPhase section */

/* Begin PBXSourcesBuildPhase section */
		D296EC7B22B877F000E52DF9 /* Sources */ = {
			isa = PBXSourcesBuildPhase;
			buildActionMask = 2147483647;
			files = (
				D296EC8522B877F000E52DF9 /* ViewController.swift in Sources */,
				D296EC8322B877F000E52DF9 /* AppDelegate.swift in Sources */,
			);
			runOnlyForDeploymentPostprocessing = 0;
		};
/* End PBXSourcesBuildPhase section */

/* Begin PBXVariantGroup section */
		D296EC8622B877F000E52DF9 /* Main.storyboard */ = {
			isa = PBXVariantGroup;
			children = (
				D296EC8722B877F000E52DF9 /* Base */,
			);
			name = Main.storyboard;
			sourceTree = "<group>";
		};
		D296EC8B22B877F100E52DF9 /* LaunchScreen.storyboard */ = {
			isa = PBXVariantGroup;
			children = (
				D296EC8C22B877F100E52DF9 /* Base */,
			);
			name = LaunchScreen.storyboard;
			sourceTree = "<group>";
		};
/* End PBXVariantGroup section */

/* Begin XCBuildConfiguration section */
		D296EC8F22B877F100E52DF9 /* Debug */ = {
			isa = XCBuildConfiguration;
			buildSettings = {
				ALWAYS_SEARCH_USER_PATHS = NO;
				CLANG_ANALYZER_NONNULL = YES;
				CLANG_ANALYZER_NUMBER_OBJECT_CONVERSION = YES_AGGRESSIVE;
				CLANG_CXX_LANGUAGE_STANDARD = "gnu++14";
				CLANG_CXX_LIBRARY = "libc++";
				CLANG_ENABLE_MODULES = YES;
				CLANG_ENABLE_OBJC_ARC = YES;
				CLANG_ENABLE_OBJC_WEAK = YES;
				CLANG_WARN_BLOCK_CAPTURE_AUTORELEASING = YES;
				CLANG_WARN_BOOL_CONVERSION = YES;
				CLANG_WARN_COMMA = YES;
				CLANG_WARN_CONSTANT_CONVERSION = YES;
				CLANG_WARN_DEPRECATED_OBJC_IMPLEMENTATIONS = YES;
				CLANG_WARN_DIRECT_OBJC_ISA_USAGE = YES_ERROR;
				CLANG_WARN_DOCUMENTATION_COMMENTS = YES;
				CLANG_WARN_EMPTY_BODY = YES;
				CLANG_WARN_ENUM_CONVERSION = YES;
				CLANG_WARN_INFINITE_RECURSION = YES;
				CLANG_WARN_INT_CONVERSION = YES;
				CLANG_WARN_NON_LITERAL_NULL_CONVERSION = YES;
				CLANG_WARN_OBJC_IMPLICIT_RETAIN_SELF = YES;
				CLANG_WARN_OBJC_LITERAL_CONVERSION = YES;
				CLANG_WARN_OBJC_ROOT_CLASS = YES_ERROR;
				CLANG_WARN_RANGE_LOOP_ANALYSIS = YES;
				CLANG_WARN_STRICT_PROTOTYPES = YES;
				CLANG_WARN_SUSPICIOUS_MOVE = YES;
				CLANG_WARN_UNGUARDED_AVAILABILITY = YES_AGGRESSIVE;
				CLANG_WARN_UNREACHABLE_CODE = YES;
				CLANG_WARN__DUPLICATE_METHOD_MATCH = YES;
				CODE_SIGN_IDENTITY = "iPhone Developer";
				COPY_PHASE_STRIP = NO;
				DEBUG_INFORMATION_FORMAT = dwarf;
				ENABLE_STRICT_OBJC_MSGSEND = YES;
				ENABLE_TESTABILITY = YES;
				GCC_C_LANGUAGE_STANDARD = gnu11;
				GCC_DYNAMIC_NO_PIC = NO;
				GCC_NO_COMMON_BLOCKS = YES;
				GCC_OPTIMIZATION_LEVEL = 0;
				GCC_PREPROCESSOR_DEFINITIONS = (
					"DEBUG=1",
					"$(inherited)",
				);
				GCC_WARN_64_TO_32_BIT_CONVERSION = YES;
				GCC_WARN_ABOUT_RETURN_TYPE = YES_ERROR;
				GCC_WARN_UNDECLARED_SELECTOR = YES;
				GCC_WARN_UNINITIALIZED_AUTOS = YES_AGGRESSIVE;
				GCC_WARN_UNUSED_FUNCTION = YES;
				GCC_WARN_UNUSED_VARIABLE = YES;
				IPHONEOS_DEPLOYMENT_TARGET = 12.1;
				MTL_ENABLE_DEBUG_INFO = INCLUDE_SOURCE;
				MTL_FAST_MATH = YES;
				ONLY_ACTIVE_ARCH = YES;
				SDKROOT = iphoneos;
				SWIFT_ACTIVE_COMPILATION_CONDITIONS = DEBUG;
				SWIFT_OPTIMIZATION_LEVEL = "-Onone";
			};
			name = Debug;
		};
		D296EC9022B877F100E52DF9 /* Release */ = {
			isa = XCBuildConfiguration;
			buildSettings = {
				ALWAYS_SEARCH_USER_PATHS = NO;
				CLANG_ANALYZER_NONNULL = YES;
				CLANG_ANALYZER_NUMBER_OBJECT_CONVERSION = YES_AGGRESSIVE;
				CLANG_CXX_LANGUAGE_STANDARD = "gnu++14";
				CLANG_CXX_LIBRARY = "libc++";
				CLANG_ENABLE_MODULES = YES;
				CLANG_ENABLE_OBJC_ARC = YES;
				CLANG_ENABLE_OBJC_WEAK = YES;
				CLANG_WARN_BLOCK_CAPTURE_AUTORELEASING = YES;
				CLANG_WARN_BOOL_CONVERSION = YES;
				CLANG_WARN_COMMA = YES;
				CLANG_WARN_CONSTANT_CONVERSION = YES;
				CLANG_WARN_DEPRECATED_OBJC_IMPLEMENTATIONS = YES;
				CLANG_WARN_DIRECT_OBJC_ISA_USAGE = YES_ERROR;
				CLANG_WARN_DOCUMENTATION_COMMENTS = YES;
				CLANG_WARN_EMPTY_BODY = YES;
				CLANG_WARN_ENUM_CONVERSION = YES;
				CLANG_WARN_INFINITE_RECURSION = YES;
				CLANG_WARN_INT_CONVERSION = YES;
				CLANG_WARN_NON_LITERAL_NULL_CONVERSION = YES;
				CLANG_WARN_OBJC_IMPLICIT_RETAIN_SELF = YES;
				CLANG_WARN_OBJC_LITERAL_CONVERSION = YES;
				CLANG_WARN_OBJC_ROOT_CLASS = YES_ERROR;
				CLANG_WARN_RANGE_LOOP_ANALYSIS = YES;
				CLANG_WARN_STRICT_PROTOTYPES = YES;
				CLANG_WARN_SUSPICIOUS_MOVE = YES;
				CLANG_WARN_UNGUARDED_AVAILABILITY = YES_AGGRESSIVE;
				CLANG_WARN_UNREACHABLE_CODE = YES;
				CLANG_WARN__DUPLICATE_METHOD_MATCH = YES;
				CODE_SIGN_IDENTITY = "iPhone Developer";
				COPY_PHASE_STRIP = NO;
				DEBUG_INFORMATION_FORMAT = "dwarf-with-dsym";
				ENABLE_NS_ASSERTIONS = NO;
				ENABLE_STRICT_OBJC_MSGSEND = YES;
				GCC_C_LANGUAGE_STANDARD = gnu11;
				GCC_NO_COMMON_BLOCKS = YES;
				GCC_WARN_64_TO_32_BIT_CONVERSION = YES;
				GCC_WARN_ABOUT_RETURN_TYPE = YES_ERROR;
				GCC_WARN_UNDECLARED_SELECTOR = YES;
				GCC_WARN_UNINITIALIZED_AUTOS = YES_AGGRESSIVE;
				GCC_WARN_UNUSED_FUNCTION = YES;
				GCC_WARN_UNUSED_VARIABLE = YES;
				IPHONEOS_DEPLOYMENT_TARGET = 12.1;
				MTL_ENABLE_DEBUG_INFO = NO;
				MTL_FAST_MATH = YES;
				SDKROOT = iphoneos;
				SWIFT_COMPILATION_MODE = wholemodule;
				SWIFT_OPTIMIZATION_LEVEL = "-O";
				VALIDATE_PRODUCT = YES;
			};
			name = Release;
		};
		D296EC9222B877F100E52DF9 /* Debug */ = {
			isa = XCBuildConfiguration;
			baseConfigurationReference = F9D3F4EA7596D3A4D1C73B60 /* Pods-app-tem-convenio-cwi.debug.xcconfig */;
			buildSettings = {
				ASSETCATALOG_COMPILER_APPICON_NAME = AppIcon;
				CODE_SIGN_STYLE = Automatic;
				DEVELOPMENT_TEAM = 592CL5HBX3;
				INFOPLIST_FILE = "app-tem-convenio-cwi/Info.plist";
				LD_RUNPATH_SEARCH_PATHS = (
					"$(inherited)",
					"@executable_path/Frameworks",
				);
				PRODUCT_BUNDLE_IDENTIFIER = "br.com.cwi.mari.app-tem-convenio-cwi";
				PRODUCT_NAME = "$(TARGET_NAME)";
				SWIFT_VERSION = 4.2;
				TARGETED_DEVICE_FAMILY = "1,2";
			};
			name = Debug;
		};
		D296EC9322B877F100E52DF9 /* Release */ = {
			isa = XCBuildConfiguration;
			baseConfigurationReference = 9B4345CEAAB41F849A8F5F60 /* Pods-app-tem-convenio-cwi.release.xcconfig */;
			buildSettings = {
				ASSETCATALOG_COMPILER_APPICON_NAME = AppIcon;
				CODE_SIGN_STYLE = Automatic;
				DEVELOPMENT_TEAM = 592CL5HBX3;
				INFOPLIST_FILE = "app-tem-convenio-cwi/Info.plist";
				LD_RUNPATH_SEARCH_PATHS = (
					"$(inherited)",
					"@executable_path/Frameworks",
				);
				PRODUCT_BUNDLE_IDENTIFIER = "br.com.cwi.mari.app-tem-convenio-cwi";
				PRODUCT_NAME = "$(TARGET_NAME)";
				SWIFT_VERSION = 4.2;
				TARGETED_DEVICE_FAMILY = "1,2";
			};
			name = Release;
		};
/* End XCBuildConfiguration section */

/* Begin XCConfigurationList section */
		D296EC7A22B877F000E52DF9 /* Build configuration list for PBXProject "app-tem-convenio-cwi" */ = {
			isa = XCConfigurationList;
			buildConfigurations = (
				D296EC8F22B877F100E52DF9 /* Debug */,
				D296EC9022B877F100E52DF9 /* Release */,
			);
			defaultConfigurationIsVisible = 0;
			defaultConfigurationName = Release;
		};
		D296EC9122B877F100E52DF9 /* Build configuration list for PBXNativeTarget "app-tem-convenio-cwi" */ = {
			isa = XCConfigurationList;
			buildConfigurations = (
				D296EC9222B877F100E52DF9 /* Debug */,
				D296EC9322B877F100E52DF9 /* Release */,
			);
			defaultConfigurationIsVisible = 0;
			defaultConfigurationName = Release;
		};
/* End XCConfigurationList section */
	};
	rootObject = D296EC7722B877F000E52DF9 /* Project object */;
}
