// !$*UTF8*$!
{
	archiveVersion = 1;
	classes = {
	};
	objectVersion = 50;
	objects = {

/* Begin PBXBuildFile section */
		41AC254922B923130004B0EF /* GoogleService-Info.plist in Resources */ = {isa = PBXBuildFile; fileRef = 41AC254822B923130004B0EF /* GoogleService-Info.plist */; };
		A027C7EB22BE5AE100445DCD /* RequestsHandler.swift in Sources */ = {isa = PBXBuildFile; fileRef = A027C7EA22BE5AE100445DCD /* RequestsHandler.swift */; };
		A027C7EE22BE5B8C00445DCD /* Result.swift in Sources */ = {isa = PBXBuildFile; fileRef = A027C7EC22BE5B8C00445DCD /* Result.swift */; };
		A027C7EF22BE5B8C00445DCD /* Endpoint.swift in Sources */ = {isa = PBXBuildFile; fileRef = A027C7ED22BE5B8C00445DCD /* Endpoint.swift */; };
		A027C7F122BE608A00445DCD /* HttpMethods.swift in Sources */ = {isa = PBXBuildFile; fileRef = A027C7F022BE608A00445DCD /* HttpMethods.swift */; };
		A027C7F322BE67CB00445DCD /* APIError.swift in Sources */ = {isa = PBXBuildFile; fileRef = A027C7F222BE67CB00445DCD /* APIError.swift */; };
		A027C7F722BE845000445DCD /* DictionaryExtensions.swift in Sources */ = {isa = PBXBuildFile; fileRef = A027C7F622BE845000445DCD /* DictionaryExtensions.swift */; };
		A027C7F922BE846F00445DCD /* CharacterSetExtensions.swift in Sources */ = {isa = PBXBuildFile; fileRef = A027C7F822BE846F00445DCD /* CharacterSetExtensions.swift */; };
		A027C7FB22BE8D8700445DCD /* UIViewControllerExtensions.swift in Sources */ = {isa = PBXBuildFile; fileRef = A027C7FA22BE8D8700445DCD /* UIViewControllerExtensions.swift */; };
		A05DCF2B22C548AE00543DB5 /* Feedback.swift in Sources */ = {isa = PBXBuildFile; fileRef = A05DCF2A22C548AE00543DB5 /* Feedback.swift */; };
		A05DCF2D22C5844600543DB5 /* Recommendation.swift in Sources */ = {isa = PBXBuildFile; fileRef = A05DCF2C22C5844600543DB5 /* Recommendation.swift */; };
		A05DCF2F22C5A6FD00543DB5 /* Session.swift in Sources */ = {isa = PBXBuildFile; fileRef = A05DCF2E22C5A6FD00543DB5 /* Session.swift */; };
		A05DCF3422C702FE00543DB5 /* RecommendationsListContract.swift in Sources */ = {isa = PBXBuildFile; fileRef = A05DCF3322C702FE00543DB5 /* RecommendationsListContract.swift */; };
		A05DCF3622C7A72400543DB5 /* RecommendationsListPresenter.swift in Sources */ = {isa = PBXBuildFile; fileRef = A05DCF3522C7A72400543DB5 /* RecommendationsListPresenter.swift */; };
		A05DCF3822C7A96A00543DB5 /* RecommendationsListViewController.swift in Sources */ = {isa = PBXBuildFile; fileRef = A05DCF3722C7A96A00543DB5 /* RecommendationsListViewController.swift */; };
		A05DCF3A22C7ACDB00543DB5 /* RecommendationTableViewCell.swift in Sources */ = {isa = PBXBuildFile; fileRef = A05DCF3922C7ACDB00543DB5 /* RecommendationTableViewCell.swift */; };
		A05DCF3C22C7BC5A00543DB5 /* UIImageViewExtensions.swift in Sources */ = {isa = PBXBuildFile; fileRef = A05DCF3B22C7BC5A00543DB5 /* UIImageViewExtensions.swift */; };
		A05DCF3E22C7F7A800543DB5 /* UIViewExtensions.swift in Sources */ = {isa = PBXBuildFile; fileRef = A05DCF3D22C7F7A800543DB5 /* UIViewExtensions.swift */; };
		A066BC3B22C9690D00D453F0 /* RecommendationDetailsContract.swift in Sources */ = {isa = PBXBuildFile; fileRef = A066BC3A22C9690D00D453F0 /* RecommendationDetailsContract.swift */; };
		A066BC3D22C96AD900D453F0 /* RecommendationDetailsViewController.swift in Sources */ = {isa = PBXBuildFile; fileRef = A066BC3C22C96AD900D453F0 /* RecommendationDetailsViewController.swift */; };
		A066BC3F22C96AEA00D453F0 /* RecommendationDetailsPresenter.swift in Sources */ = {isa = PBXBuildFile; fileRef = A066BC3E22C96AEA00D453F0 /* RecommendationDetailsPresenter.swift */; };
		A0B0D29022C2DEC7003C8A02 /* Category.swift in Sources */ = {isa = PBXBuildFile; fileRef = A0B0D28F22C2DEC7003C8A02 /* Category.swift */; };
		A0B0D29822C3A0C6003C8A02 /* AuthHandler.swift in Sources */ = {isa = PBXBuildFile; fileRef = A0B0D29722C3A0C6003C8A02 /* AuthHandler.swift */; };
		A0B0D29E22C3AEB5003C8A02 /* UserType.swift in Sources */ = {isa = PBXBuildFile; fileRef = A0B0D29D22C3AEB5003C8A02 /* UserType.swift */; };
		A0B0D2A022C400D6003C8A02 /* User.swift in Sources */ = {isa = PBXBuildFile; fileRef = A0B0D29F22C400D6003C8A02 /* User.swift */; };
		A0B0D2A422C4129F003C8A02 /* Favorite.swift in Sources */ = {isa = PBXBuildFile; fileRef = A0B0D2A322C4129F003C8A02 /* Favorite.swift */; };
		A0B0D2A622C4138D003C8A02 /* StringExtensions.swift in Sources */ = {isa = PBXBuildFile; fileRef = A0B0D2A522C4138D003C8A02 /* StringExtensions.swift */; };
		A0B9886722BEAEDE00A6C237 /* Establishment.swift in Sources */ = {isa = PBXBuildFile; fileRef = A0B9886622BEAEDE00A6C237 /* Establishment.swift */; };
		D2440FA922C96F6B002D37D0 /* UIViewExtension.swift in Sources */ = {isa = PBXBuildFile; fileRef = D2440FA822C96F6B002D37D0 /* UIViewExtension.swift */; };
		D2440FAB22C96F89002D37D0 /* DesinableView.swift in Sources */ = {isa = PBXBuildFile; fileRef = D2440FAA22C96F89002D37D0 /* DesinableView.swift */; };
		D2440FAD22C970F6002D37D0 /* RegisterViewController.swift in Sources */ = {isa = PBXBuildFile; fileRef = D2440FAC22C970F6002D37D0 /* RegisterViewController.swift */; };
		D26FCE2722C5BC6900FB0870 /* LoginViewController.swift in Sources */ = {isa = PBXBuildFile; fileRef = D26FCE2622C5BC6900FB0870 /* LoginViewController.swift */; };
		D290929322C4422A000F4640 /* Profile.storyboard in Resources */ = {isa = PBXBuildFile; fileRef = D290928F22C4422A000F4640 /* Profile.storyboard */; };
		D290929422C4422A000F4640 /* Recommendations.storyboard in Resources */ = {isa = PBXBuildFile; fileRef = D290929022C4422A000F4640 /* Recommendations.storyboard */; };
		D290929522C4422A000F4640 /* Login.storyboard in Resources */ = {isa = PBXBuildFile; fileRef = D290929122C4422A000F4640 /* Login.storyboard */; };
		D290929622C4422A000F4640 /* Establishments.storyboard in Resources */ = {isa = PBXBuildFile; fileRef = D290929222C4422A000F4640 /* Establishments.storyboard */; };
		D290929822C5815E000F4640 /* DesignableButton.swift in Sources */ = {isa = PBXBuildFile; fileRef = D290929722C5815E000F4640 /* DesignableButton.swift */; };
		D290929A22C5844A000F4640 /* UIButttonExtension.swift in Sources */ = {isa = PBXBuildFile; fileRef = D290929922C5844A000F4640 /* UIButttonExtension.swift */; };
		D290929E22C58CF4000F4640 /* UITextFiedExtension.swift in Sources */ = {isa = PBXBuildFile; fileRef = D290929D22C58CF4000F4640 /* UITextFiedExtension.swift */; };
		D29092A022C58D28000F4640 /* DesignableTextField.swift in Sources */ = {isa = PBXBuildFile; fileRef = D290929F22C58D28000F4640 /* DesignableTextField.swift */; };
		D296EC8322B877F000E52DF9 /* AppDelegate.swift in Sources */ = {isa = PBXBuildFile; fileRef = D296EC8222B877F000E52DF9 /* AppDelegate.swift */; };
		D296EC8522B877F000E52DF9 /* ViewController.swift in Sources */ = {isa = PBXBuildFile; fileRef = D296EC8422B877F000E52DF9 /* ViewController.swift */; };
		D296EC8822B877F000E52DF9 /* Main.storyboard in Resources */ = {isa = PBXBuildFile; fileRef = D296EC8622B877F000E52DF9 /* Main.storyboard */; };
		D296EC8D22B877F100E52DF9 /* LaunchScreen.storyboard in Resources */ = {isa = PBXBuildFile; fileRef = D296EC8B22B877F100E52DF9 /* LaunchScreen.storyboard */; };
		D29F6EBE22B897F7002E9BD4 /* Assets.xcassets in Resources */ = {isa = PBXBuildFile; fileRef = D296EC8922B877F100E52DF9 /* Assets.xcassets */; };
		FB742C89E5D83126D348916B /* Pods_app_tem_convenio_cwi.framework in Frameworks */ = {isa = PBXBuildFile; fileRef = F34278D7F4724E1E21672D9F /* Pods_app_tem_convenio_cwi.framework */; };
/* End PBXBuildFile section */

/* Begin PBXFileReference section */
		41AC254822B923130004B0EF /* GoogleService-Info.plist */ = {isa = PBXFileReference; fileEncoding = 4; lastKnownFileType = text.plist.xml; path = "GoogleService-Info.plist"; sourceTree = "<group>"; };
		8806043EACB97B786A529C52 /* Pods-app-tem-convenio-cwi.debug.xcconfig */ = {isa = PBXFileReference; includeInIndex = 1; lastKnownFileType = text.xcconfig; name = "Pods-app-tem-convenio-cwi.debug.xcconfig"; path = "Target Support Files/Pods-app-tem-convenio-cwi/Pods-app-tem-convenio-cwi.debug.xcconfig"; sourceTree = "<group>"; };
		A027C7EA22BE5AE100445DCD /* RequestsHandler.swift */ = {isa = PBXFileReference; fileEncoding = 4; lastKnownFileType = sourcecode.swift; path = RequestsHandler.swift; sourceTree = "<group>"; };
		A027C7EC22BE5B8C00445DCD /* Result.swift */ = {isa = PBXFileReference; fileEncoding = 4; lastKnownFileType = sourcecode.swift; path = Result.swift; sourceTree = "<group>"; };
		A027C7ED22BE5B8C00445DCD /* Endpoint.swift */ = {isa = PBXFileReference; fileEncoding = 4; lastKnownFileType = sourcecode.swift; path = Endpoint.swift; sourceTree = "<group>"; };
		A027C7F022BE608A00445DCD /* HttpMethods.swift */ = {isa = PBXFileReference; lastKnownFileType = sourcecode.swift; path = HttpMethods.swift; sourceTree = "<group>"; };
		A027C7F222BE67CB00445DCD /* APIError.swift */ = {isa = PBXFileReference; lastKnownFileType = sourcecode.swift; path = APIError.swift; sourceTree = "<group>"; };
		A027C7F622BE845000445DCD /* DictionaryExtensions.swift */ = {isa = PBXFileReference; lastKnownFileType = sourcecode.swift; path = DictionaryExtensions.swift; sourceTree = "<group>"; };
		A027C7F822BE846F00445DCD /* CharacterSetExtensions.swift */ = {isa = PBXFileReference; lastKnownFileType = sourcecode.swift; path = CharacterSetExtensions.swift; sourceTree = "<group>"; };
		A027C7FA22BE8D8700445DCD /* UIViewControllerExtensions.swift */ = {isa = PBXFileReference; lastKnownFileType = sourcecode.swift; path = UIViewControllerExtensions.swift; sourceTree = "<group>"; };
		A05DCF2A22C548AE00543DB5 /* Feedback.swift */ = {isa = PBXFileReference; lastKnownFileType = sourcecode.swift; path = Feedback.swift; sourceTree = "<group>"; };
		A05DCF2C22C5844600543DB5 /* Recommendation.swift */ = {isa = PBXFileReference; lastKnownFileType = sourcecode.swift; path = Recommendation.swift; sourceTree = "<group>"; };
		A05DCF2E22C5A6FD00543DB5 /* Session.swift */ = {isa = PBXFileReference; lastKnownFileType = sourcecode.swift; path = Session.swift; sourceTree = "<group>"; };
		A05DCF3322C702FE00543DB5 /* RecommendationsListContract.swift */ = {isa = PBXFileReference; lastKnownFileType = sourcecode.swift; path = RecommendationsListContract.swift; sourceTree = "<group>"; };
		A05DCF3522C7A72400543DB5 /* RecommendationsListPresenter.swift */ = {isa = PBXFileReference; lastKnownFileType = sourcecode.swift; path = RecommendationsListPresenter.swift; sourceTree = "<group>"; };
		A05DCF3722C7A96A00543DB5 /* RecommendationsListViewController.swift */ = {isa = PBXFileReference; lastKnownFileType = sourcecode.swift; path = RecommendationsListViewController.swift; sourceTree = "<group>"; };
		A05DCF3922C7ACDB00543DB5 /* RecommendationTableViewCell.swift */ = {isa = PBXFileReference; lastKnownFileType = sourcecode.swift; path = RecommendationTableViewCell.swift; sourceTree = "<group>"; };
		A05DCF3B22C7BC5A00543DB5 /* UIImageViewExtensions.swift */ = {isa = PBXFileReference; fileEncoding = 4; lastKnownFileType = sourcecode.swift; path = UIImageViewExtensions.swift; sourceTree = "<group>"; };
		A05DCF3D22C7F7A800543DB5 /* UIViewExtensions.swift */ = {isa = PBXFileReference; fileEncoding = 4; lastKnownFileType = sourcecode.swift; path = UIViewExtensions.swift; sourceTree = "<group>"; };
		A066BC3A22C9690D00D453F0 /* RecommendationDetailsContract.swift */ = {isa = PBXFileReference; lastKnownFileType = sourcecode.swift; path = RecommendationDetailsContract.swift; sourceTree = "<group>"; };
		A066BC3C22C96AD900D453F0 /* RecommendationDetailsViewController.swift */ = {isa = PBXFileReference; lastKnownFileType = sourcecode.swift; path = RecommendationDetailsViewController.swift; sourceTree = "<group>"; };
		A066BC3E22C96AEA00D453F0 /* RecommendationDetailsPresenter.swift */ = {isa = PBXFileReference; lastKnownFileType = sourcecode.swift; path = RecommendationDetailsPresenter.swift; sourceTree = "<group>"; };
		A0B0D28F22C2DEC7003C8A02 /* Category.swift */ = {isa = PBXFileReference; lastKnownFileType = sourcecode.swift; name = Category.swift; path = ../API/Category.swift; sourceTree = "<group>"; };
		A0B0D29722C3A0C6003C8A02 /* AuthHandler.swift */ = {isa = PBXFileReference; lastKnownFileType = sourcecode.swift; path = AuthHandler.swift; sourceTree = "<group>"; };
		A0B0D29D22C3AEB5003C8A02 /* UserType.swift */ = {isa = PBXFileReference; lastKnownFileType = sourcecode.swift; path = UserType.swift; sourceTree = "<group>"; };
		A0B0D29F22C400D6003C8A02 /* User.swift */ = {isa = PBXFileReference; lastKnownFileType = sourcecode.swift; path = User.swift; sourceTree = "<group>"; };
		A0B0D2A322C4129F003C8A02 /* Favorite.swift */ = {isa = PBXFileReference; lastKnownFileType = sourcecode.swift; path = Favorite.swift; sourceTree = "<group>"; };
		A0B0D2A522C4138D003C8A02 /* StringExtensions.swift */ = {isa = PBXFileReference; lastKnownFileType = sourcecode.swift; path = StringExtensions.swift; sourceTree = "<group>"; };
		A0B9886622BEAEDE00A6C237 /* Establishment.swift */ = {isa = PBXFileReference; lastKnownFileType = sourcecode.swift; path = Establishment.swift; sourceTree = "<group>"; };
		D2440FA822C96F6B002D37D0 /* UIViewExtension.swift */ = {isa = PBXFileReference; lastKnownFileType = sourcecode.swift; path = UIViewExtension.swift; sourceTree = "<group>"; };
		D2440FAA22C96F89002D37D0 /* DesinableView.swift */ = {isa = PBXFileReference; lastKnownFileType = sourcecode.swift; name = DesinableView.swift; path = "app-tem-convenio-cwi/Extensions/DesinableView.swift"; sourceTree = SOURCE_ROOT; };
		D2440FAC22C970F6002D37D0 /* RegisterViewController.swift */ = {isa = PBXFileReference; lastKnownFileType = sourcecode.swift; path = RegisterViewController.swift; sourceTree = "<group>"; };
		D26FCE2622C5BC6900FB0870 /* LoginViewController.swift */ = {isa = PBXFileReference; lastKnownFileType = sourcecode.swift; path = LoginViewController.swift; sourceTree = "<group>"; };
		D290928F22C4422A000F4640 /* Profile.storyboard */ = {isa = PBXFileReference; fileEncoding = 4; lastKnownFileType = file.storyboard; path = Profile.storyboard; sourceTree = "<group>"; };
		D290929022C4422A000F4640 /* Recommendations.storyboard */ = {isa = PBXFileReference; fileEncoding = 4; lastKnownFileType = file.storyboard; path = Recommendations.storyboard; sourceTree = "<group>"; };
		D290929122C4422A000F4640 /* Login.storyboard */ = {isa = PBXFileReference; fileEncoding = 4; lastKnownFileType = file.storyboard; path = Login.storyboard; sourceTree = "<group>"; };
		D290929222C4422A000F4640 /* Establishments.storyboard */ = {isa = PBXFileReference; fileEncoding = 4; lastKnownFileType = file.storyboard; path = Establishments.storyboard; sourceTree = "<group>"; };
		D290929722C5815E000F4640 /* DesignableButton.swift */ = {isa = PBXFileReference; lastKnownFileType = sourcecode.swift; name = DesignableButton.swift; path = "app-tem-convenio-cwi/UI/Storyboards/DesignableButton.swift"; sourceTree = SOURCE_ROOT; };
		D290929922C5844A000F4640 /* UIButttonExtension.swift */ = {isa = PBXFileReference; lastKnownFileType = sourcecode.swift; path = UIButttonExtension.swift; sourceTree = "<group>"; };
		D290929D22C58CF4000F4640 /* UITextFiedExtension.swift */ = {isa = PBXFileReference; lastKnownFileType = sourcecode.swift; path = UITextFiedExtension.swift; sourceTree = "<group>"; };
		D290929F22C58D28000F4640 /* DesignableTextField.swift */ = {isa = PBXFileReference; lastKnownFileType = sourcecode.swift; name = DesignableTextField.swift; path = "app-tem-convenio-cwi/Extensions/DesignableTextField.swift"; sourceTree = SOURCE_ROOT; };
		D296EC7F22B877F000E52DF9 /* app-tem-convenio-cwi.app */ = {isa = PBXFileReference; explicitFileType = wrapper.application; includeInIndex = 0; path = "app-tem-convenio-cwi.app"; sourceTree = BUILT_PRODUCTS_DIR; };
		D296EC8222B877F000E52DF9 /* AppDelegate.swift */ = {isa = PBXFileReference; lastKnownFileType = sourcecode.swift; path = AppDelegate.swift; sourceTree = "<group>"; };
		D296EC8422B877F000E52DF9 /* ViewController.swift */ = {isa = PBXFileReference; lastKnownFileType = sourcecode.swift; path = ViewController.swift; sourceTree = "<group>"; };
		D296EC8722B877F000E52DF9 /* Base */ = {isa = PBXFileReference; lastKnownFileType = file.storyboard; name = Base; path = Base.lproj/Main.storyboard; sourceTree = "<group>"; };
		D296EC8922B877F100E52DF9 /* Assets.xcassets */ = {isa = PBXFileReference; lastKnownFileType = folder.assetcatalog; path = Assets.xcassets; sourceTree = "<group>"; };
		D296EC8C22B877F100E52DF9 /* Base */ = {isa = PBXFileReference; lastKnownFileType = file.storyboard; name = Base; path = Base.lproj/LaunchScreen.storyboard; sourceTree = "<group>"; };
		D296EC8E22B877F100E52DF9 /* Info.plist */ = {isa = PBXFileReference; lastKnownFileType = text.plist.xml; path = Info.plist; sourceTree = "<group>"; };
		D7BA9E7DD0CA45610E542862 /* Pods-app-tem-convenio-cwi.release.xcconfig */ = {isa = PBXFileReference; includeInIndex = 1; lastKnownFileType = text.xcconfig; name = "Pods-app-tem-convenio-cwi.release.xcconfig"; path = "Target Support Files/Pods-app-tem-convenio-cwi/Pods-app-tem-convenio-cwi.release.xcconfig"; sourceTree = "<group>"; };
		F34278D7F4724E1E21672D9F /* Pods_app_tem_convenio_cwi.framework */ = {isa = PBXFileReference; explicitFileType = wrapper.framework; includeInIndex = 0; path = Pods_app_tem_convenio_cwi.framework; sourceTree = BUILT_PRODUCTS_DIR; };
/* End PBXFileReference section */

/* Begin PBXFrameworksBuildPhase section */
		D296EC7C22B877F000E52DF9 /* Frameworks */ = {
			isa = PBXFrameworksBuildPhase;
			buildActionMask = 2147483647;
			files = (
				FB742C89E5D83126D348916B /* Pods_app_tem_convenio_cwi.framework in Frameworks */,
			);
			runOnlyForDeploymentPostprocessing = 0;
		};
/* End PBXFrameworksBuildPhase section */

/* Begin PBXGroup section */
		0971102168A94484EB3DFC8E /* Pods */ = {
			isa = PBXGroup;
			children = (
				8806043EACB97B786A529C52 /* Pods-app-tem-convenio-cwi.debug.xcconfig */,
				D7BA9E7DD0CA45610E542862 /* Pods-app-tem-convenio-cwi.release.xcconfig */,
			);
			path = Pods;
			sourceTree = "<group>";
		};
		6A0488B392B8B5082C395653 /* Frameworks */ = {
			isa = PBXGroup;
			children = (
				F34278D7F4724E1E21672D9F /* Pods_app_tem_convenio_cwi.framework */,
			);
			name = Frameworks;
			sourceTree = "<group>";
		};
		A027C7E322BE589800445DCD /* Data */ = {
			isa = PBXGroup;
			children = (
				A027C7E522BE58EE00445DCD /* API */,
				A027C7E422BE58CD00445DCD /* Models */,
				A05DCF2E22C5A6FD00543DB5 /* Session.swift */,
			);
			path = Data;
			sourceTree = "<group>";
		};
		A027C7E422BE58CD00445DCD /* Models */ = {
			isa = PBXGroup;
			children = (
				A0B0D28F22C2DEC7003C8A02 /* Category.swift */,
				A0B9886622BEAEDE00A6C237 /* Establishment.swift */,
				A0B0D29D22C3AEB5003C8A02 /* UserType.swift */,
				A0B0D29F22C400D6003C8A02 /* User.swift */,
				A0B0D2A322C4129F003C8A02 /* Favorite.swift */,
				A05DCF2A22C548AE00543DB5 /* Feedback.swift */,
				A05DCF2C22C5844600543DB5 /* Recommendation.swift */,
			);
			path = Models;
			sourceTree = "<group>";
		};
		A027C7E522BE58EE00445DCD /* API */ = {
			isa = PBXGroup;
			children = (
				A0B0D29922C3A845003C8A02 /* Auth */,
				A0B0D29A22C3A855003C8A02 /* Requests */,
				A027C7EC22BE5B8C00445DCD /* Result.swift */,
				A027C7F222BE67CB00445DCD /* APIError.swift */,
			);
			path = API;
			sourceTree = "<group>";
		};
		A027C7E722BE594200445DCD /* UI */ = {
			isa = PBXGroup;
			children = (
				D29092A122C5BB27000F4640 /* Login */,
				D296EC9522B87A2400E52DF9 /* Storyboards */,
				A027C7E822BE594A00445DCD /* CustomViews */,
			);
			path = UI;
			sourceTree = "<group>";
		};
		A027C7E822BE594A00445DCD /* CustomViews */ = {
			isa = PBXGroup;
			children = (
				D290929722C5815E000F4640 /* DesignableButton.swift */,
				D290929F22C58D28000F4640 /* DesignableTextField.swift */,
				D2440FAA22C96F89002D37D0 /* DesinableView.swift */,
			);
			path = CustomViews;
			sourceTree = "<group>";
		};
		A027C7E922BE596200445DCD /* Extensions */ = {
			isa = PBXGroup;
			children = (
				A05DCF3D22C7F7A800543DB5 /* UIViewExtensions.swift */,
				A05DCF3B22C7BC5A00543DB5 /* UIImageViewExtensions.swift */,
				A027C7F622BE845000445DCD /* DictionaryExtensions.swift */,
				A027C7F822BE846F00445DCD /* CharacterSetExtensions.swift */,
				A027C7FA22BE8D8700445DCD /* UIViewControllerExtensions.swift */,
				D290929922C5844A000F4640 /* UIButttonExtension.swift */,
				D290929D22C58CF4000F4640 /* UITextFiedExtension.swift */,
				A0B0D2A522C4138D003C8A02 /* StringExtensions.swift */,
				D2440FA822C96F6B002D37D0 /* UIViewExtension.swift */,
			);
			path = Extensions;
			sourceTree = "<group>";
		};
		A05DCF3222C702CC00543DB5 /* RecommendationsList */ = {
			isa = PBXGroup;
			children = (
				A05DCF3322C702FE00543DB5 /* RecommendationsListContract.swift */,
				A05DCF3522C7A72400543DB5 /* RecommendationsListPresenter.swift */,
				A05DCF3722C7A96A00543DB5 /* RecommendationsListViewController.swift */,
				A05DCF3922C7ACDB00543DB5 /* RecommendationTableViewCell.swift */,
			);
			path = RecommendationsList;
			sourceTree = "<group>";
		};
		A066BC3922C9654600D453F0 /* RecommendationDetails */ = {
			isa = PBXGroup;
			children = (
				A066BC3A22C9690D00D453F0 /* RecommendationDetailsContract.swift */,
				A066BC3C22C96AD900D453F0 /* RecommendationDetailsViewController.swift */,
				A066BC3E22C96AEA00D453F0 /* RecommendationDetailsPresenter.swift */,
			);
			path = RecommendationDetails;
			sourceTree = "<group>";
		};
		A0B0D29922C3A845003C8A02 /* Auth */ = {
			isa = PBXGroup;
			children = (
				A0B0D29722C3A0C6003C8A02 /* AuthHandler.swift */,
			);
			path = Auth;
			sourceTree = "<group>";
		};
		A0B0D29A22C3A855003C8A02 /* Requests */ = {
			isa = PBXGroup;
			children = (
				A027C7ED22BE5B8C00445DCD /* Endpoint.swift */,
				A027C7EA22BE5AE100445DCD /* RequestsHandler.swift */,
				A027C7F022BE608A00445DCD /* HttpMethods.swift */,
			);
			path = Requests;
			sourceTree = "<group>";
		};
		D29092A122C5BB27000F4640 /* Login */ = {
			isa = PBXGroup;
			children = (
				D26FCE2622C5BC6900FB0870 /* LoginViewController.swift */,
				D2440FAC22C970F6002D37D0 /* RegisterViewController.swift */,
			);
			path = Login;
			sourceTree = "<group>";
		};
		D296EC7622B877F000E52DF9 = {
			isa = PBXGroup;
			children = (
				D296EC8122B877F000E52DF9 /* app-tem-convenio-cwi */,
				D296EC8022B877F000E52DF9 /* Products */,
				0971102168A94484EB3DFC8E /* Pods */,
				6A0488B392B8B5082C395653 /* Frameworks */,
			);
			sourceTree = "<group>";
		};
		D296EC8022B877F000E52DF9 /* Products */ = {
			isa = PBXGroup;
			children = (
				D296EC7F22B877F000E52DF9 /* app-tem-convenio-cwi.app */,
			);
			name = Products;
			sourceTree = "<group>";
		};
		D296EC8122B877F000E52DF9 /* app-tem-convenio-cwi */ = {
			isa = PBXGroup;
			children = (
				A027C7E322BE589800445DCD /* Data */,
				A027C7E922BE596200445DCD /* Extensions */,
				A027C7E722BE594200445DCD /* UI */,
				A05DCF3222C702CC00543DB5 /* RecommendationsList */,
				A066BC3922C9654600D453F0 /* RecommendationDetails */,
				D296EC8922B877F100E52DF9 /* Assets.xcassets */,
				41AC254822B923130004B0EF /* GoogleService-Info.plist */,
				D296EC8222B877F000E52DF9 /* AppDelegate.swift */,
				D296EC8422B877F000E52DF9 /* ViewController.swift */,
				D296EC8E22B877F100E52DF9 /* Info.plist */,
			);
			path = "app-tem-convenio-cwi";
			sourceTree = "<group>";
		};
		D296EC9522B87A2400E52DF9 /* Storyboards */ = {
			isa = PBXGroup;
			children = (
				D290929222C4422A000F4640 /* Establishments.storyboard */,
				D290929022C4422A000F4640 /* Recommendations.storyboard */,
				D290929122C4422A000F4640 /* Login.storyboard */,
				D290928F22C4422A000F4640 /* Profile.storyboard */,
				D296EC8622B877F000E52DF9 /* Main.storyboard */,
				D296EC8B22B877F100E52DF9 /* LaunchScreen.storyboard */,
			);
			path = Storyboards;
			sourceTree = "<group>";
		};
/* End PBXGroup section */

/* Begin PBXNativeTarget section */
		D296EC7E22B877F000E52DF9 /* app-tem-convenio-cwi */ = {
			isa = PBXNativeTarget;
			buildConfigurationList = D296EC9122B877F100E52DF9 /* Build configuration list for PBXNativeTarget "app-tem-convenio-cwi" */;
			buildPhases = (
				DBB97E78141E6E6E3AFD7599 /* [CP] Check Pods Manifest.lock */,
				D296EC7B22B877F000E52DF9 /* Sources */,
				D296EC7C22B877F000E52DF9 /* Frameworks */,
				D296EC7D22B877F000E52DF9 /* Resources */,
				71A15071BC2BAE8121B9FFF0 /* [CP] Embed Pods Frameworks */,
			);
			buildRules = (
			);
			dependencies = (
			);
			name = "app-tem-convenio-cwi";
			productName = "app-tem-convenio-cwi";
			productReference = D296EC7F22B877F000E52DF9 /* app-tem-convenio-cwi.app */;
			productType = "com.apple.product-type.application";
		};
/* End PBXNativeTarget section */

/* Begin PBXProject section */
		D296EC7722B877F000E52DF9 /* Project object */ = {
			isa = PBXProject;
			attributes = {
				LastSwiftUpdateCheck = 1010;
				LastUpgradeCheck = 1010;
				ORGANIZATIONNAME = "Cwi Software";
				TargetAttributes = {
					D296EC7E22B877F000E52DF9 = {
						CreatedOnToolsVersion = 10.1;
					};
				};
			};
			buildConfigurationList = D296EC7A22B877F000E52DF9 /* Build configuration list for PBXProject "app-tem-convenio-cwi" */;
			compatibilityVersion = "Xcode 9.3";
			developmentRegion = en;
			hasScannedForEncodings = 0;
			knownRegions = (
				en,
				Base,
			);
			mainGroup = D296EC7622B877F000E52DF9;
			productRefGroup = D296EC8022B877F000E52DF9 /* Products */;
			projectDirPath = "";
			projectRoot = "";
			targets = (
				D296EC7E22B877F000E52DF9 /* app-tem-convenio-cwi */,
			);
		};
/* End PBXProject section */

/* Begin PBXResourcesBuildPhase section */
		D296EC7D22B877F000E52DF9 /* Resources */ = {
			isa = PBXResourcesBuildPhase;
			buildActionMask = 2147483647;
			files = (
				D296EC8D22B877F100E52DF9 /* LaunchScreen.storyboard in Resources */,
				41AC254922B923130004B0EF /* GoogleService-Info.plist in Resources */,
				D290929522C4422A000F4640 /* Login.storyboard in Resources */,
				D290929422C4422A000F4640 /* Recommendations.storyboard in Resources */,
				D290929322C4422A000F4640 /* Profile.storyboard in Resources */,
				D29F6EBE22B897F7002E9BD4 /* Assets.xcassets in Resources */,
				D290929622C4422A000F4640 /* Establishments.storyboard in Resources */,
				D296EC8822B877F000E52DF9 /* Main.storyboard in Resources */,
			);
			runOnlyForDeploymentPostprocessing = 0;
		};
/* End PBXResourcesBuildPhase section */

/* Begin PBXShellScriptBuildPhase section */
		71A15071BC2BAE8121B9FFF0 /* [CP] Embed Pods Frameworks */ = {
			isa = PBXShellScriptBuildPhase;
			buildActionMask = 2147483647;
			files = (
			);
			inputFileListPaths = (
			);
			inputPaths = (
				"${PODS_ROOT}/Target Support Files/Pods-app-tem-convenio-cwi/Pods-app-tem-convenio-cwi-frameworks.sh",
				"${BUILT_PRODUCTS_DIR}/GTMSessionFetcher/GTMSessionFetcher.framework",
				"${BUILT_PRODUCTS_DIR}/GoogleUtilities/GoogleUtilities.framework",
				"${BUILT_PRODUCTS_DIR}/Nuke/Nuke.framework",
				"${BUILT_PRODUCTS_DIR}/SwiftyJSON/SwiftyJSON.framework",
				"${BUILT_PRODUCTS_DIR}/leveldb-library/leveldb.framework",
				"${BUILT_PRODUCTS_DIR}/nanopb/nanopb.framework",
			);
			name = "[CP] Embed Pods Frameworks";
			outputFileListPaths = (
			);
			outputPaths = (
				"${TARGET_BUILD_DIR}/${FRAMEWORKS_FOLDER_PATH}/GTMSessionFetcher.framework",
				"${TARGET_BUILD_DIR}/${FRAMEWORKS_FOLDER_PATH}/GoogleUtilities.framework",
				"${TARGET_BUILD_DIR}/${FRAMEWORKS_FOLDER_PATH}/Nuke.framework",
				"${TARGET_BUILD_DIR}/${FRAMEWORKS_FOLDER_PATH}/SwiftyJSON.framework",
				"${TARGET_BUILD_DIR}/${FRAMEWORKS_FOLDER_PATH}/leveldb.framework",
				"${TARGET_BUILD_DIR}/${FRAMEWORKS_FOLDER_PATH}/nanopb.framework",
			);
			runOnlyForDeploymentPostprocessing = 0;
			shellPath = /bin/sh;
			shellScript = "\"${PODS_ROOT}/Target Support Files/Pods-app-tem-convenio-cwi/Pods-app-tem-convenio-cwi-frameworks.sh\"\n";
			showEnvVarsInLog = 0;
		};
		DBB97E78141E6E6E3AFD7599 /* [CP] Check Pods Manifest.lock */ = {
			isa = PBXShellScriptBuildPhase;
			buildActionMask = 2147483647;
			files = (
			);
			inputFileListPaths = (
			);
			inputPaths = (
				"${PODS_PODFILE_DIR_PATH}/Podfile.lock",
				"${PODS_ROOT}/Manifest.lock",
			);
			name = "[CP] Check Pods Manifest.lock";
			outputFileListPaths = (
			);
			outputPaths = (
				"$(DERIVED_FILE_DIR)/Pods-app-tem-convenio-cwi-checkManifestLockResult.txt",
			);
			runOnlyForDeploymentPostprocessing = 0;
			shellPath = /bin/sh;
			shellScript = "diff \"${PODS_PODFILE_DIR_PATH}/Podfile.lock\" \"${PODS_ROOT}/Manifest.lock\" > /dev/null\nif [ $? != 0 ] ; then\n    # print error to STDERR\n    echo \"error: The sandbox is not in sync with the Podfile.lock. Run 'pod install' or update your CocoaPods installation.\" >&2\n    exit 1\nfi\n# This output is used by Xcode 'outputs' to avoid re-running this script phase.\necho \"SUCCESS\" > \"${SCRIPT_OUTPUT_FILE_0}\"\n";
			showEnvVarsInLog = 0;
		};
/* End PBXShellScriptBuildPhase section */

/* Begin PBXSourcesBuildPhase section */
		D296EC7B22B877F000E52DF9 /* Sources */ = {
			isa = PBXSourcesBuildPhase;
			buildActionMask = 2147483647;
			files = (
				A05DCF2F22C5A6FD00543DB5 /* Session.swift in Sources */,
				D296EC8522B877F000E52DF9 /* ViewController.swift in Sources */,
				A066BC3F22C96AEA00D453F0 /* RecommendationDetailsPresenter.swift in Sources */,
				A027C7F322BE67CB00445DCD /* APIError.swift in Sources */,
				A05DCF3622C7A72400543DB5 /* RecommendationsListPresenter.swift in Sources */,
				A05DCF2B22C548AE00543DB5 /* Feedback.swift in Sources */,
				A0B0D29E22C3AEB5003C8A02 /* UserType.swift in Sources */,
				A066BC3B22C9690D00D453F0 /* RecommendationDetailsContract.swift in Sources */,
				A027C7FB22BE8D8700445DCD /* UIViewControllerExtensions.swift in Sources */,
				D26FCE2722C5BC6900FB0870 /* LoginViewController.swift in Sources */,
				A027C7F922BE846F00445DCD /* CharacterSetExtensions.swift in Sources */,
				D2440FAB22C96F89002D37D0 /* DesinableView.swift in Sources */,
				A027C7EB22BE5AE100445DCD /* RequestsHandler.swift in Sources */,
				A066BC3D22C96AD900D453F0 /* RecommendationDetailsViewController.swift in Sources */,
				A027C7F722BE845000445DCD /* DictionaryExtensions.swift in Sources */,
				A0B0D29822C3A0C6003C8A02 /* AuthHandler.swift in Sources */,
				D29092A022C58D28000F4640 /* DesignableTextField.swift in Sources */,
				D290929E22C58CF4000F4640 /* UITextFiedExtension.swift in Sources */,
				D290929822C5815E000F4640 /* DesignableButton.swift in Sources */,
				A0B0D2A022C400D6003C8A02 /* User.swift in Sources */,
				A05DCF2D22C5844600543DB5 /* Recommendation.swift in Sources */,
				A0B0D2A422C4129F003C8A02 /* Favorite.swift in Sources */,
				A05DCF3422C702FE00543DB5 /* RecommendationsListContract.swift in Sources */,
				A027C7F122BE608A00445DCD /* HttpMethods.swift in Sources */,
				A05DCF3E22C7F7A800543DB5 /* UIViewExtensions.swift in Sources */,
				A027C7EE22BE5B8C00445DCD /* Result.swift in Sources */,
				D296EC8322B877F000E52DF9 /* AppDelegate.swift in Sources */,
				A05DCF3C22C7BC5A00543DB5 /* UIImageViewExtensions.swift in Sources */,
				A05DCF3822C7A96A00543DB5 /* RecommendationsListViewController.swift in Sources */,
				A0B9886722BEAEDE00A6C237 /* Establishment.swift in Sources */,
				A05DCF3A22C7ACDB00543DB5 /* RecommendationTableViewCell.swift in Sources */,
				A027C7EF22BE5B8C00445DCD /* Endpoint.swift in Sources */,
				D2440FAD22C970F6002D37D0 /* RegisterViewController.swift in Sources */,
				D2440FA922C96F6B002D37D0 /* UIViewExtension.swift in Sources */,
				D290929A22C5844A000F4640 /* UIButttonExtension.swift in Sources */,
				A0B0D29022C2DEC7003C8A02 /* Category.swift in Sources */,
				A0B0D2A622C4138D003C8A02 /* StringExtensions.swift in Sources */,
			);
			runOnlyForDeploymentPostprocessing = 0;
		};
/* End PBXSourcesBuildPhase section */

/* Begin PBXVariantGroup section */
		D296EC8622B877F000E52DF9 /* Main.storyboard */ = {
			isa = PBXVariantGroup;
			children = (
				D296EC8722B877F000E52DF9 /* Base */,
			);
			name = Main.storyboard;
			sourceTree = "<group>";
		};
		D296EC8B22B877F100E52DF9 /* LaunchScreen.storyboard */ = {
			isa = PBXVariantGroup;
			children = (
				D296EC8C22B877F100E52DF9 /* Base */,
			);
			name = LaunchScreen.storyboard;
			sourceTree = "<group>";
		};
/* End PBXVariantGroup section */

/* Begin XCBuildConfiguration section */
		D296EC8F22B877F100E52DF9 /* Debug */ = {
			isa = XCBuildConfiguration;
			buildSettings = {
				ALWAYS_SEARCH_USER_PATHS = NO;
				CLANG_ANALYZER_NONNULL = YES;
				CLANG_ANALYZER_NUMBER_OBJECT_CONVERSION = YES_AGGRESSIVE;
				CLANG_CXX_LANGUAGE_STANDARD = "gnu++14";
				CLANG_CXX_LIBRARY = "libc++";
				CLANG_ENABLE_MODULES = YES;
				CLANG_ENABLE_OBJC_ARC = YES;
				CLANG_ENABLE_OBJC_WEAK = YES;
				CLANG_WARN_BLOCK_CAPTURE_AUTORELEASING = YES;
				CLANG_WARN_BOOL_CONVERSION = YES;
				CLANG_WARN_COMMA = YES;
				CLANG_WARN_CONSTANT_CONVERSION = YES;
				CLANG_WARN_DEPRECATED_OBJC_IMPLEMENTATIONS = YES;
				CLANG_WARN_DIRECT_OBJC_ISA_USAGE = YES_ERROR;
				CLANG_WARN_DOCUMENTATION_COMMENTS = YES;
				CLANG_WARN_EMPTY_BODY = YES;
				CLANG_WARN_ENUM_CONVERSION = YES;
				CLANG_WARN_INFINITE_RECURSION = YES;
				CLANG_WARN_INT_CONVERSION = YES;
				CLANG_WARN_NON_LITERAL_NULL_CONVERSION = YES;
				CLANG_WARN_OBJC_IMPLICIT_RETAIN_SELF = YES;
				CLANG_WARN_OBJC_LITERAL_CONVERSION = YES;
				CLANG_WARN_OBJC_ROOT_CLASS = YES_ERROR;
				CLANG_WARN_RANGE_LOOP_ANALYSIS = YES;
				CLANG_WARN_STRICT_PROTOTYPES = YES;
				CLANG_WARN_SUSPICIOUS_MOVE = YES;
				CLANG_WARN_UNGUARDED_AVAILABILITY = YES_AGGRESSIVE;
				CLANG_WARN_UNREACHABLE_CODE = YES;
				CLANG_WARN__DUPLICATE_METHOD_MATCH = YES;
				CODE_SIGN_IDENTITY = "iPhone Developer";
				COPY_PHASE_STRIP = NO;
				DEBUG_INFORMATION_FORMAT = dwarf;
				ENABLE_STRICT_OBJC_MSGSEND = YES;
				ENABLE_TESTABILITY = YES;
				GCC_C_LANGUAGE_STANDARD = gnu11;
				GCC_DYNAMIC_NO_PIC = NO;
				GCC_NO_COMMON_BLOCKS = YES;
				GCC_OPTIMIZATION_LEVEL = 0;
				GCC_PREPROCESSOR_DEFINITIONS = (
					"DEBUG=1",
					"$(inherited)",
				);
				GCC_WARN_64_TO_32_BIT_CONVERSION = YES;
				GCC_WARN_ABOUT_RETURN_TYPE = YES_ERROR;
				GCC_WARN_UNDECLARED_SELECTOR = YES;
				GCC_WARN_UNINITIALIZED_AUTOS = YES_AGGRESSIVE;
				GCC_WARN_UNUSED_FUNCTION = YES;
				GCC_WARN_UNUSED_VARIABLE = YES;
				IPHONEOS_DEPLOYMENT_TARGET = 12.1;
				MTL_ENABLE_DEBUG_INFO = INCLUDE_SOURCE;
				MTL_FAST_MATH = YES;
				ONLY_ACTIVE_ARCH = YES;
				SDKROOT = iphoneos;
				SWIFT_ACTIVE_COMPILATION_CONDITIONS = DEBUG;
				SWIFT_OPTIMIZATION_LEVEL = "-Onone";
			};
			name = Debug;
		};
		D296EC9022B877F100E52DF9 /* Release */ = {
			isa = XCBuildConfiguration;
			buildSettings = {
				ALWAYS_SEARCH_USER_PATHS = NO;
				CLANG_ANALYZER_NONNULL = YES;
				CLANG_ANALYZER_NUMBER_OBJECT_CONVERSION = YES_AGGRESSIVE;
				CLANG_CXX_LANGUAGE_STANDARD = "gnu++14";
				CLANG_CXX_LIBRARY = "libc++";
				CLANG_ENABLE_MODULES = YES;
				CLANG_ENABLE_OBJC_ARC = YES;
				CLANG_ENABLE_OBJC_WEAK = YES;
				CLANG_WARN_BLOCK_CAPTURE_AUTORELEASING = YES;
				CLANG_WARN_BOOL_CONVERSION = YES;
				CLANG_WARN_COMMA = YES;
				CLANG_WARN_CONSTANT_CONVERSION = YES;
				CLANG_WARN_DEPRECATED_OBJC_IMPLEMENTATIONS = YES;
				CLANG_WARN_DIRECT_OBJC_ISA_USAGE = YES_ERROR;
				CLANG_WARN_DOCUMENTATION_COMMENTS = YES;
				CLANG_WARN_EMPTY_BODY = YES;
				CLANG_WARN_ENUM_CONVERSION = YES;
				CLANG_WARN_INFINITE_RECURSION = YES;
				CLANG_WARN_INT_CONVERSION = YES;
				CLANG_WARN_NON_LITERAL_NULL_CONVERSION = YES;
				CLANG_WARN_OBJC_IMPLICIT_RETAIN_SELF = YES;
				CLANG_WARN_OBJC_LITERAL_CONVERSION = YES;
				CLANG_WARN_OBJC_ROOT_CLASS = YES_ERROR;
				CLANG_WARN_RANGE_LOOP_ANALYSIS = YES;
				CLANG_WARN_STRICT_PROTOTYPES = YES;
				CLANG_WARN_SUSPICIOUS_MOVE = YES;
				CLANG_WARN_UNGUARDED_AVAILABILITY = YES_AGGRESSIVE;
				CLANG_WARN_UNREACHABLE_CODE = YES;
				CLANG_WARN__DUPLICATE_METHOD_MATCH = YES;
				CODE_SIGN_IDENTITY = "iPhone Developer";
				COPY_PHASE_STRIP = NO;
				DEBUG_INFORMATION_FORMAT = "dwarf-with-dsym";
				ENABLE_NS_ASSERTIONS = NO;
				ENABLE_STRICT_OBJC_MSGSEND = YES;
				GCC_C_LANGUAGE_STANDARD = gnu11;
				GCC_NO_COMMON_BLOCKS = YES;
				GCC_WARN_64_TO_32_BIT_CONVERSION = YES;
				GCC_WARN_ABOUT_RETURN_TYPE = YES_ERROR;
				GCC_WARN_UNDECLARED_SELECTOR = YES;
				GCC_WARN_UNINITIALIZED_AUTOS = YES_AGGRESSIVE;
				GCC_WARN_UNUSED_FUNCTION = YES;
				GCC_WARN_UNUSED_VARIABLE = YES;
				IPHONEOS_DEPLOYMENT_TARGET = 12.1;
				MTL_ENABLE_DEBUG_INFO = NO;
				MTL_FAST_MATH = YES;
				SDKROOT = iphoneos;
				SWIFT_COMPILATION_MODE = wholemodule;
				SWIFT_OPTIMIZATION_LEVEL = "-O";
				VALIDATE_PRODUCT = YES;
			};
			name = Release;
		};
		D296EC9222B877F100E52DF9 /* Debug */ = {
			isa = XCBuildConfiguration;
			baseConfigurationReference = 8806043EACB97B786A529C52 /* Pods-app-tem-convenio-cwi.debug.xcconfig */;
			buildSettings = {
				ASSETCATALOG_COMPILER_APPICON_NAME = AppIcon;
				CODE_SIGN_STYLE = Automatic;
				DEVELOPMENT_TEAM = 592CL5HBX3;
				INFOPLIST_FILE = "app-tem-convenio-cwi/Info.plist";
				LD_RUNPATH_SEARCH_PATHS = (
					"$(inherited)",
					"@executable_path/Frameworks",
				);
				PRODUCT_BUNDLE_IDENTIFIER = "br.com.cwi.mari.app-tem-convenio-cwi";
				PRODUCT_NAME = "$(TARGET_NAME)";
				SWIFT_VERSION = 4.2;
				TARGETED_DEVICE_FAMILY = "1,2";
			};
			name = Debug;
		};
		D296EC9322B877F100E52DF9 /* Release */ = {
			isa = XCBuildConfiguration;
			baseConfigurationReference = D7BA9E7DD0CA45610E542862 /* Pods-app-tem-convenio-cwi.release.xcconfig */;
			buildSettings = {
				ASSETCATALOG_COMPILER_APPICON_NAME = AppIcon;
				CODE_SIGN_STYLE = Automatic;
				DEVELOPMENT_TEAM = 592CL5HBX3;
				INFOPLIST_FILE = "app-tem-convenio-cwi/Info.plist";
				LD_RUNPATH_SEARCH_PATHS = (
					"$(inherited)",
					"@executable_path/Frameworks",
				);
				PRODUCT_BUNDLE_IDENTIFIER = "br.com.cwi.mari.app-tem-convenio-cwi";
				PRODUCT_NAME = "$(TARGET_NAME)";
				SWIFT_VERSION = 4.2;
				TARGETED_DEVICE_FAMILY = "1,2";
			};
			name = Release;
		};
/* End XCBuildConfiguration section */

/* Begin XCConfigurationList section */
		D296EC7A22B877F000E52DF9 /* Build configuration list for PBXProject "app-tem-convenio-cwi" */ = {
			isa = XCConfigurationList;
			buildConfigurations = (
				D296EC8F22B877F100E52DF9 /* Debug */,
				D296EC9022B877F100E52DF9 /* Release */,
			);
			defaultConfigurationIsVisible = 0;
			defaultConfigurationName = Release;
		};
		D296EC9122B877F100E52DF9 /* Build configuration list for PBXNativeTarget "app-tem-convenio-cwi" */ = {
			isa = XCConfigurationList;
			buildConfigurations = (
				D296EC9222B877F100E52DF9 /* Debug */,
				D296EC9322B877F100E52DF9 /* Release */,
			);
			defaultConfigurationIsVisible = 0;
			defaultConfigurationName = Release;
		};
/* End XCConfigurationList section */
	};
	rootObject = D296EC7722B877F000E52DF9 /* Project object */;
}
